
Microsoft Visual Studio Solution File, Format Version 12.00
# Visual Studio Version 17
VisualStudioVersion = 17.13.35806.99 d17.13
MinimumVisualStudioVersion = 10.0.40219.1
Project("{FAE04EC0-301F-11D3-BF4B-00C04F79EFBC}") = "PasswordManagerCLI", "PasswordManagerCLI\PasswordManagerCLI.csproj", "{5FB3C8E7-423B-4BCD-B62F-99B138AEA54C}"
EndProject
Project("{FAE04EC0-301F-11D3-BF4B-00C04F79EFBC}") = "PasswordManager.Core", "PasswordManager.Core\PasswordManager.Core.csproj", "{F544E462-8532-41A1-B924-39ACA465481B}"
EndProject
Global
	GlobalSection(SolutionConfigurationPlatforms) = preSolution
		Debug|Any CPU = Debug|Any CPU
		Release|Any CPU = Release|Any CPU
	EndGlobalSection
	GlobalSection(ProjectConfigurationPlatforms) = postSolution
		{5FB3C8E7-423B-4BCD-B62F-99B138AEA54C}.Debug|Any CPU.ActiveCfg = Debug|Any CPU
		{5FB3C8E7-423B-4BCD-B62F-99B138AEA54C}.Debug|Any CPU.Build.0 = Debug|Any CPU
		{5FB3C8E7-423B-4BCD-B62F-99B138AEA54C}.Release|Any CPU.ActiveCfg = Release|Any CPU
		{5FB3C8E7-423B-4BCD-B62F-99B138AEA54C}.Release|Any CPU.Build.0 = Release|Any CPU
		{F544E462-8532-41A1-B924-39ACA465481B}.Debug|Any CPU.ActiveCfg = Debug|Any CPU
		{F544E462-8532-41A1-B924-39ACA465481B}.Debug|Any CPU.Build.0 = Debug|Any CPU
		{F544E462-8532-41A1-B924-39ACA465481B}.Release|Any CPU.ActiveCfg = Release|Any CPU
		{F544E462-8532-41A1-B924-39ACA465481B}.Release|Any CPU.Build.0 = Release|Any CPU
	EndGlobalSection
	GlobalSection(SolutionProperties) = preSolution
		HideSolutionNode = FALSE
	EndGlobalSection
	GlobalSection(ExtensibilityGlobals) = postSolution
		SolutionGuid = {78DDE509-8778-437C-A1F0-01B898EFB7CB}
	EndGlobalSection
EndGlobal
